dependencies:
- name: common
  repository: https://charts.bitnami.com/bitnami
  version: 1.16.1
- name: postgresql
  repository: https://charts.bitnami.com/bitnami
  version: 11.6.21
- name: mysql
  repository: https://charts.bitnami.com/bitnami
  version: 9.2.3
digest: sha256:d1e6e7372aca8344f7c646493e19802fe6dbb348ca40d84f2e1aee46c8c29dbf
generated: "2022-08-02T15:46:10.420935868+02:00"
