dependencies:
- name: common
  repository: https://charts.bitnami.com/bitnami
  version: 1.17.1
- name: elasticsearch
  repository: https://charts.bitnami.com/bitnami
  version: 19.1.11
digest: sha256:14a8476f814a211ca08ab00c5f16b747aa3313939f22ed2a54f31272df8f5e48
generated: "2022-08-18T14:33:44.7810533+02:00"
