dependencies:
- name: common
  repository: https://charts.bitnami.com/bitnami
  version: 2.1.2
- name: elasticsearch
  repository: https://charts.bitnami.com/bitnami
  version: 19.5.0
digest: sha256:874ab8a9fc4b0a31e7e5998524055f95ee79c2b5c87a54b075cb310803856e51
generated: "2022-11-13T13:13:55.363065141+01:00"
