dependencies:
- name: common
  repository: https://charts.bitnami.com/bitnami
  version: 2.1.2
- name: airflow
  repository: https://charts.bitnami.com/bitnami
  version: 14.0.3
digest: sha256:3cbe8bcdbecc132534de3d8988b163c0b5023e6eb2a2cd0cb97bdec72f5ccc92
generated: "2022-11-13T12:35:42.725409785+01:00"
