dependencies:
- name: common
  repository: https://charts.bitnami.com/bitnami
  version: 1.16.1
- name: postgresql
  repository: https://charts.bitnami.com/bitnami
  version: 11.6.18
digest: sha256:d47097fcc0387c3ccba93a6ac98b3ab06f2b232a3baa7a61044444d82f9be52c
generated: "2022-08-01T17:08:08.28162127+02:00"
